
Microsoft Visual Studio Solution File, Format Version 12.00
# Visual Studio Version 16
VisualStudioVersion = 16.0.29326.143
MinimumVisualStudioVersion = 10.0.40219.1
Project("{FAE04EC0-301F-11D3-BF4B-00C04F79EFBC}") = "Practica 1", "Practica 1\Practica 1.csproj", "{8167B6DB-1A54-4645-8555-8778E6A88269}"
EndProject
Project("{FAE04EC0-301F-11D3-BF4B-00C04F79EFBC}") = "Practica2", "Practica2\Practica2.csproj", "{3D878A23-E212-4292-ABD7-C085E4B7B2C1}"
EndProject
Project("{FAE04EC0-301F-11D3-BF4B-00C04F79EFBC}") = "Practica3", "Practica3\Practica3.csproj", "{6CB0A052-F905-4BAF-9CCF-5F910BE5ED2E}"
EndProject
Project("{FAE04EC0-301F-11D3-BF4B-00C04F79EFBC}") = "Practica4", "Practica4\Practica4.csproj", "{51BC8515-3B3C-4E0F-8350-58E226215A2E}"
EndProject
Global
	GlobalSection(SolutionConfigurationPlatforms) = preSolution
		Debug|Any CPU = Debug|Any CPU
		Release|Any CPU = Release|Any CPU
	EndGlobalSection
	GlobalSection(ProjectConfigurationPlatforms) = postSolution
		{8167B6DB-1A54-4645-8555-8778E6A88269}.Debug|Any CPU.ActiveCfg = Debug|Any CPU
		{8167B6DB-1A54-4645-8555-8778E6A88269}.Debug|Any CPU.Build.0 = Debug|Any CPU
		{8167B6DB-1A54-4645-8555-8778E6A88269}.Release|Any CPU.ActiveCfg = Release|Any CPU
		{8167B6DB-1A54-4645-8555-8778E6A88269}.Release|Any CPU.Build.0 = Release|Any CPU
		{3D878A23-E212-4292-ABD7-C085E4B7B2C1}.Debug|Any CPU.ActiveCfg = Debug|Any CPU
		{3D878A23-E212-4292-ABD7-C085E4B7B2C1}.Debug|Any CPU.Build.0 = Debug|Any CPU
		{3D878A23-E212-4292-ABD7-C085E4B7B2C1}.Release|Any CPU.ActiveCfg = Release|Any CPU
		{3D878A23-E212-4292-ABD7-C085E4B7B2C1}.Release|Any CPU.Build.0 = Release|Any CPU
		{6CB0A052-F905-4BAF-9CCF-5F910BE5ED2E}.Debug|Any CPU.ActiveCfg = Debug|Any CPU
		{6CB0A052-F905-4BAF-9CCF-5F910BE5ED2E}.Debug|Any CPU.Build.0 = Debug|Any CPU
		{6CB0A052-F905-4BAF-9CCF-5F910BE5ED2E}.Release|Any CPU.ActiveCfg = Release|Any CPU
		{6CB0A052-F905-4BAF-9CCF-5F910BE5ED2E}.Release|Any CPU.Build.0 = Release|Any CPU
		{51BC8515-3B3C-4E0F-8350-58E226215A2E}.Debug|Any CPU.ActiveCfg = Debug|Any CPU
		{51BC8515-3B3C-4E0F-8350-58E226215A2E}.Debug|Any CPU.Build.0 = Debug|Any CPU
		{51BC8515-3B3C-4E0F-8350-58E226215A2E}.Release|Any CPU.ActiveCfg = Release|Any CPU
		{51BC8515-3B3C-4E0F-8350-58E226215A2E}.Release|Any CPU.Build.0 = Release|Any CPU
	EndGlobalSection
	GlobalSection(SolutionProperties) = preSolution
		HideSolutionNode = FALSE
	EndGlobalSection
	GlobalSection(ExtensibilityGlobals) = postSolution
		SolutionGuid = {DF8CA480-C2B3-4711-88E2-5B7BEB944588}
	EndGlobalSection
EndGlobal
